
Microsoft Visual Studio Solution File, Format Version 12.00
# Visual Studio Version 16
VisualStudioVersion = 16.0.29519.181
MinimumVisualStudioVersion = 10.0.40219.1
Project("{FAE04EC0-301F-11D3-BF4B-00C04F79EFBC}") = "WPF_Chart", "WPF_Chart\WPF_Chart.csproj", "{D2747D55-0592-4DDD-B393-AAC1D60722B1}"
EndProject
Global
	GlobalSection(SolutionConfigurationPlatforms) = preSolution
		Debug|Any CPU = Debug|Any CPU
		Release|Any CPU = Release|Any CPU
	EndGlobalSection
	GlobalSection(ProjectConfigurationPlatforms) = postSolution
		{D2747D55-0592-4DDD-B393-AAC1D60722B1}.Debug|Any CPU.ActiveCfg = Debug|Any CPU
		{D2747D55-0592-4DDD-B393-AAC1D60722B1}.Debug|Any CPU.Build.0 = Debug|Any CPU
		{D2747D55-0592-4DDD-B393-AAC1D60722B1}.Release|Any CPU.ActiveCfg = Release|Any CPU
		{D2747D55-0592-4DDD-B393-AAC1D60722B1}.Release|Any CPU.Build.0 = Release|Any CPU
	EndGlobalSection
	GlobalSection(SolutionProperties) = preSolution
		HideSolutionNode = FALSE
	EndGlobalSection
	GlobalSection(ExtensibilityGlobals) = postSolution
		SolutionGuid = {85A95F6D-915D-4DAF-A360-5495D91BA9A3}
	EndGlobalSection
EndGlobal
